// !$*UTF8*$!
{
	archiveVersion = 1;
	classes = {
	};
	objectVersion = 55;
	objects = {

/* Begin PBXBuildFile section */
		7A99D278951FA08AA9F860B5 /* Pods_FlixTests.framework in Frameworks */ = {isa = PBXBuildFile; fileRef = 77743209BAFA7DA8A0993568 /* Pods_FlixTests.framework */; };
		C28F4951E975A4A6E98DAB60 /* Pods_Flix.framework in Frameworks */ = {isa = PBXBuildFile; fileRef = 2B56E71451BAB84F45D16401 /* Pods_Flix.framework */; };
		D91A198017A1D8E7A873A342 /* Pods_Flix_FlixUITests.framework in Frameworks */ = {isa = PBXBuildFile; fileRef = 3A8C7DC511F028AE42E3D55C /* Pods_Flix_FlixUITests.framework */; };
		E7A2E31E27B9965B002177FF /* MovieGridViewController.swift in Sources */ = {isa = PBXBuildFile; fileRef = E7A2E31D27B9965B002177FF /* MovieGridViewController.swift */; };
		E7A2E32027B99AB8002177FF /* MovieGridCell.swift in Sources */ = {isa = PBXBuildFile; fileRef = E7A2E31F27B99AB8002177FF /* MovieGridCell.swift */; };
		E7CA161827B6035900DB4F19 /* MovieDetailsViewController.swift in Sources */ = {isa = PBXBuildFile; fileRef = E7CA161727B6035900DB4F19 /* MovieDetailsViewController.swift */; };
		E7D0668927B33D07006FBD55 /* MovieCell.swift in Sources */ = {isa = PBXBuildFile; fileRef = E7D0668827B33D07006FBD55 /* MovieCell.swift */; };
		E7D0668C27B34651006FBD55 /* AlamofireImage in Frameworks */ = {isa = PBXBuildFile; productRef = E7D0668B27B34651006FBD55 /* AlamofireImage */; };
		E7F1DA1927B1BCC90005CB85 /* AppDelegate.swift in Sources */ = {isa = PBXBuildFile; fileRef = E7F1DA1827B1BCC90005CB85 /* AppDelegate.swift */; };
		E7F1DA1B27B1BCC90005CB85 /* SceneDelegate.swift in Sources */ = {isa = PBXBuildFile; fileRef = E7F1DA1A27B1BCC90005CB85 /* SceneDelegate.swift */; };
		E7F1DA1D27B1BCC90005CB85 /* MoviesViewController.swift in Sources */ = {isa = PBXBuildFile; fileRef = E7F1DA1C27B1BCC90005CB85 /* MoviesViewController.swift */; };
		E7F1DA2027B1BCC90005CB85 /* Main.storyboard in Resources */ = {isa = PBXBuildFile; fileRef = E7F1DA1E27B1BCC90005CB85 /* Main.storyboard */; };
		E7F1DA2227B1BCCA0005CB85 /* Assets.xcassets in Resources */ = {isa = PBXBuildFile; fileRef = E7F1DA2127B1BCCA0005CB85 /* Assets.xcassets */; };
		E7F1DA2527B1BCCA0005CB85 /* LaunchScreen.storyboard in Resources */ = {isa = PBXBuildFile; fileRef = E7F1DA2327B1BCCA0005CB85 /* LaunchScreen.storyboard */; };
		E7F1DA3027B1BCCB0005CB85 /* FlixTests.swift in Sources */ = {isa = PBXBuildFile; fileRef = E7F1DA2F27B1BCCB0005CB85 /* FlixTests.swift */; };
		E7F1DA3A27B1BCCB0005CB85 /* FlixUITests.swift in Sources */ = {isa = PBXBuildFile; fileRef = E7F1DA3927B1BCCB0005CB85 /* FlixUITests.swift */; };
		E7F1DA3C27B1BCCB0005CB85 /* FlixUITestsLaunchTests.swift in Sources */ = {isa = PBXBuildFile; fileRef = E7F1DA3B27B1BCCB0005CB85 /* FlixUITestsLaunchTests.swift */; };
/* End PBXBuildFile section */

/* Begin PBXContainerItemProxy section */
		E7F1DA2C27B1BCCB0005CB85 /* PBXContainerItemProxy */ = {
			isa = PBXContainerItemProxy;
			containerPortal = E7F1DA0D27B1BCC90005CB85 /* Project object */;
			proxyType = 1;
			remoteGlobalIDString = E7F1DA1427B1BCC90005CB85;
			remoteInfo = Flix;
		};
		E7F1DA3627B1BCCB0005CB85 /* PBXContainerItemProxy */ = {
			isa = PBXContainerItemProxy;
			containerPortal = E7F1DA0D27B1BCC90005CB85 /* Project object */;
			proxyType = 1;
			remoteGlobalIDString = E7F1DA1427B1BCC90005CB85;
			remoteInfo = Flix;
		};
/* End PBXContainerItemProxy section */

/* Begin PBXFileReference section */
		2B56E71451BAB84F45D16401 /* Pods_Flix.framework */ = {isa = PBXFileReference; explicitFileType = wrapper.framework; includeInIndex = 0; path = Pods_Flix.framework; sourceTree = BUILT_PRODUCTS_DIR; };
		3A8C7DC511F028AE42E3D55C /* Pods_Flix_FlixUITests.framework */ = {isa = PBXFileReference; explicitFileType = wrapper.framework; includeInIndex = 0; path = Pods_Flix_FlixUITests.framework; sourceTree = BUILT_PRODUCTS_DIR; };
		5F151C0E9CD88D5E6B15F021 /* Pods-Flix-FlixUITests.release.xcconfig */ = {isa = PBXFileReference; includeInIndex = 1; lastKnownFileType = text.xcconfig; name = "Pods-Flix-FlixUITests.release.xcconfig"; path = "Target Support Files/Pods-Flix-FlixUITests/Pods-Flix-FlixUITests.release.xcconfig"; sourceTree = "<group>"; };
		6ED04A5B93677E5FAB892998 /* Pods-Flix-FlixUITests.debug.xcconfig */ = {isa = PBXFileReference; includeInIndex = 1; lastKnownFileType = text.xcconfig; name = "Pods-Flix-FlixUITests.debug.xcconfig"; path = "Target Support Files/Pods-Flix-FlixUITests/Pods-Flix-FlixUITests.debug.xcconfig"; sourceTree = "<group>"; };
		77743209BAFA7DA8A0993568 /* Pods_FlixTests.framework */ = {isa = PBXFileReference; explicitFileType = wrapper.framework; includeInIndex = 0; path = Pods_FlixTests.framework; sourceTree = BUILT_PRODUCTS_DIR; };
		7DA9A570C9F1D756E70842FA /* Pods-FlixTests.debug.xcconfig */ = {isa = PBXFileReference; includeInIndex = 1; lastKnownFileType = text.xcconfig; name = "Pods-FlixTests.debug.xcconfig"; path = "Target Support Files/Pods-FlixTests/Pods-FlixTests.debug.xcconfig"; sourceTree = "<group>"; };
		8AA155116393FAD80EBD7A04 /* Pods-Flix.release.xcconfig */ = {isa = PBXFileReference; includeInIndex = 1; lastKnownFileType = text.xcconfig; name = "Pods-Flix.release.xcconfig"; path = "Target Support Files/Pods-Flix/Pods-Flix.release.xcconfig"; sourceTree = "<group>"; };
		A622C67375A1FA2CDFC2C9FB /* Pods-Flix.debug.xcconfig */ = {isa = PBXFileReference; includeInIndex = 1; lastKnownFileType = text.xcconfig; name = "Pods-Flix.debug.xcconfig"; path = "Target Support Files/Pods-Flix/Pods-Flix.debug.xcconfig"; sourceTree = "<group>"; };
		E7A2E31D27B9965B002177FF /* MovieGridViewController.swift */ = {isa = PBXFileReference; lastKnownFileType = sourcecode.swift; path = MovieGridViewController.swift; sourceTree = "<group>"; };
		E7A2E31F27B99AB8002177FF /* MovieGridCell.swift */ = {isa = PBXFileReference; lastKnownFileType = sourcecode.swift; path = MovieGridCell.swift; sourceTree = "<group>"; };
		E7CA161727B6035900DB4F19 /* MovieDetailsViewController.swift */ = {isa = PBXFileReference; lastKnownFileType = sourcecode.swift; path = MovieDetailsViewController.swift; sourceTree = "<group>"; };
		E7D0668827B33D07006FBD55 /* MovieCell.swift */ = {isa = PBXFileReference; lastKnownFileType = sourcecode.swift; path = MovieCell.swift; sourceTree = "<group>"; };
		E7F1DA1527B1BCC90005CB85 /* Flix.app */ = {isa = PBXFileReference; explicitFileType = wrapper.application; includeInIndex = 0; path = Flix.app; sourceTree = BUILT_PRODUCTS_DIR; };
		E7F1DA1827B1BCC90005CB85 /* AppDelegate.swift */ = {isa = PBXFileReference; lastKnownFileType = sourcecode.swift; path = AppDelegate.swift; sourceTree = "<group>"; };
		E7F1DA1A27B1BCC90005CB85 /* SceneDelegate.swift */ = {isa = PBXFileReference; lastKnownFileType = sourcecode.swift; path = SceneDelegate.swift; sourceTree = "<group>"; };
		E7F1DA1C27B1BCC90005CB85 /* MoviesViewController.swift */ = {isa = PBXFileReference; lastKnownFileType = sourcecode.swift; path = MoviesViewController.swift; sourceTree = "<group>"; };
		E7F1DA1F27B1BCC90005CB85 /* Base */ = {isa = PBXFileReference; lastKnownFileType = file.storyboard; name = Base; path = Base.lproj/Main.storyboard; sourceTree = "<group>"; };
		E7F1DA2127B1BCCA0005CB85 /* Assets.xcassets */ = {isa = PBXFileReference; lastKnownFileType = folder.assetcatalog; path = Assets.xcassets; sourceTree = "<group>"; };
		E7F1DA2427B1BCCA0005CB85 /* Base */ = {isa = PBXFileReference; lastKnownFileType = file.storyboard; name = Base; path = Base.lproj/LaunchScreen.storyboard; sourceTree = "<group>"; };
		E7F1DA2627B1BCCA0005CB85 /* Info.plist */ = {isa = PBXFileReference; lastKnownFileType = text.plist.xml; path = Info.plist; sourceTree = "<group>"; };
		E7F1DA2B27B1BCCB0005CB85 /* FlixTests.xctest */ = {isa = PBXFileReference; explicitFileType = wrapper.cfbundle; includeInIndex = 0; path = FlixTests.xctest; sourceTree = BUILT_PRODUCTS_DIR; };
		E7F1DA2F27B1BCCB0005CB85 /* FlixTests.swift */ = {isa = PBXFileReference; lastKnownFileType = sourcecode.swift; path = FlixTests.swift; sourceTree = "<group>"; };
		E7F1DA3527B1BCCB0005CB85 /* FlixUITests.xctest */ = {isa = PBXFileReference; explicitFileType = wrapper.cfbundle; includeInIndex = 0; path = FlixUITests.xctest; sourceTree = BUILT_PRODUCTS_DIR; };
		E7F1DA3927B1BCCB0005CB85 /* FlixUITests.swift */ = {isa = PBXFileReference; lastKnownFileType = sourcecode.swift; path = FlixUITests.swift; sourceTree = "<group>"; };
		E7F1DA3B27B1BCCB0005CB85 /* FlixUITestsLaunchTests.swift */ = {isa = PBXFileReference; lastKnownFileType = sourcecode.swift; path = FlixUITestsLaunchTests.swift; sourceTree = "<group>"; };
		EB662F6D1A4C14A91EE1DB66 /* Pods-FlixTests.release.xcconfig */ = {isa = PBXFileReference; includeInIndex = 1; lastKnownFileType = text.xcconfig; name = "Pods-FlixTests.release.xcconfig"; path = "Target Support Files/Pods-FlixTests/Pods-FlixTests.release.xcconfig"; sourceTree = "<group>"; };
/* End PBXFileReference section */

/* Begin PBXFrameworksBuildPhase section */
		E7F1DA1227B1BCC90005CB85 /* Frameworks */ = {
			isa = PBXFrameworksBuildPhase;
			buildActionMask = 2147483647;
			files = (
				E7D0668C27B34651006FBD55 /* AlamofireImage in Frameworks */,
				C28F4951E975A4A6E98DAB60 /* Pods_Flix.framework in Frameworks */,
			);
			runOnlyForDeploymentPostprocessing = 0;
		};
		E7F1DA2827B1BCCB0005CB85 /* Frameworks */ = {
			isa = PBXFrameworksBuildPhase;
			buildActionMask = 2147483647;
			files = (
				7A99D278951FA08AA9F860B5 /* Pods_FlixTests.framework in Frameworks */,
			);
			runOnlyForDeploymentPostprocessing = 0;
		};
		E7F1DA3227B1BCCB0005CB85 /* Frameworks */ = {
			isa = PBXFrameworksBuildPhase;
			buildActionMask = 2147483647;
			files = (
				D91A198017A1D8E7A873A342 /* Pods_Flix_FlixUITests.framework in Frameworks */,
			);
			runOnlyForDeploymentPostprocessing = 0;
		};
/* End PBXFrameworksBuildPhase section */

/* Begin PBXGroup section */
		25537903FC3A6A488C2420E7 /* Frameworks */ = {
			isa = PBXGroup;
			children = (
				2B56E71451BAB84F45D16401 /* Pods_Flix.framework */,
				3A8C7DC511F028AE42E3D55C /* Pods_Flix_FlixUITests.framework */,
				77743209BAFA7DA8A0993568 /* Pods_FlixTests.framework */,
			);
			name = Frameworks;
			sourceTree = "<group>";
		};
		E7F1DA0C27B1BCC90005CB85 = {
			isa = PBXGroup;
			children = (
				E7F1DA1727B1BCC90005CB85 /* Flix */,
				E7F1DA2E27B1BCCB0005CB85 /* FlixTests */,
				E7F1DA3827B1BCCB0005CB85 /* FlixUITests */,
				E7F1DA1627B1BCC90005CB85 /* Products */,
				F46BD93F66A48CF52A61BE3F /* Pods */,
				25537903FC3A6A488C2420E7 /* Frameworks */,
			);
			sourceTree = "<group>";
		};
		E7F1DA1627B1BCC90005CB85 /* Products */ = {
			isa = PBXGroup;
			children = (
				E7F1DA1527B1BCC90005CB85 /* Flix.app */,
				E7F1DA2B27B1BCCB0005CB85 /* FlixTests.xctest */,
				E7F1DA3527B1BCCB0005CB85 /* FlixUITests.xctest */,
			);
			name = Products;
			sourceTree = "<group>";
		};
		E7F1DA1727B1BCC90005CB85 /* Flix */ = {
			isa = PBXGroup;
			children = (
				E7F1DA1827B1BCC90005CB85 /* AppDelegate.swift */,
				E7F1DA1A27B1BCC90005CB85 /* SceneDelegate.swift */,
				E7F1DA1E27B1BCC90005CB85 /* Main.storyboard */,
				E7F1DA2327B1BCCA0005CB85 /* LaunchScreen.storyboard */,
				E7F1DA2127B1BCCA0005CB85 /* Assets.xcassets */,
				E7F1DA2627B1BCCA0005CB85 /* Info.plist */,
				E7F1DA1C27B1BCC90005CB85 /* MoviesViewController.swift */,
				E7D0668827B33D07006FBD55 /* MovieCell.swift */,
				E7CA161727B6035900DB4F19 /* MovieDetailsViewController.swift */,
				E7A2E31D27B9965B002177FF /* MovieGridViewController.swift */,
				E7A2E31F27B99AB8002177FF /* MovieGridCell.swift */,
			);
			path = Flix;
			sourceTree = "<group>";
		};
		E7F1DA2E27B1BCCB0005CB85 /* FlixTests */ = {
			isa = PBXGroup;
			children = (
				E7F1DA2F27B1BCCB0005CB85 /* FlixTests.swift */,
			);
			path = FlixTests;
			sourceTree = "<group>";
		};
		E7F1DA3827B1BCCB0005CB85 /* FlixUITests */ = {
			isa = PBXGroup;
			children = (
				E7F1DA3927B1BCCB0005CB85 /* FlixUITests.swift */,
				E7F1DA3B27B1BCCB0005CB85 /* FlixUITestsLaunchTests.swift */,
			);
			path = FlixUITests;
			sourceTree = "<group>";
		};
		F46BD93F66A48CF52A61BE3F /* Pods */ = {
			isa = PBXGroup;
			children = (
				A622C67375A1FA2CDFC2C9FB /* Pods-Flix.debug.xcconfig */,
				8AA155116393FAD80EBD7A04 /* Pods-Flix.release.xcconfig */,
				6ED04A5B93677E5FAB892998 /* Pods-Flix-FlixUITests.debug.xcconfig */,
				5F151C0E9CD88D5E6B15F021 /* Pods-Flix-FlixUITests.release.xcconfig */,
				7DA9A570C9F1D756E70842FA /* Pods-FlixTests.debug.xcconfig */,
				EB662F6D1A4C14A91EE1DB66 /* Pods-FlixTests.release.xcconfig */,
			);
			path = Pods;
			sourceTree = "<group>";
		};
/* End PBXGroup section */

/* Begin PBXNativeTarget section */
		E7F1DA1427B1BCC90005CB85 /* Flix */ = {
			isa = PBXNativeTarget;
			buildConfigurationList = E7F1DA3F27B1BCCB0005CB85 /* Build configuration list for PBXNativeTarget "Flix" */;
			buildPhases = (
				45566346C3DFE3375534D702 /* [CP] Check Pods Manifest.lock */,
				E7F1DA1127B1BCC90005CB85 /* Sources */,
				E7F1DA1227B1BCC90005CB85 /* Frameworks */,
				E7F1DA1327B1BCC90005CB85 /* Resources */,
				97EA68A0A226AC8D2307AAB8 /* [CP] Embed Pods Frameworks */,
			);
			buildRules = (
			);
			dependencies = (
			);
			name = Flix;
			packageProductDependencies = (
				E7D0668B27B34651006FBD55 /* AlamofireImage */,
			);
			productName = Flix;
			productReference = E7F1DA1527B1BCC90005CB85 /* Flix.app */;
			productType = "com.apple.product-type.application";
		};
		E7F1DA2A27B1BCCB0005CB85 /* FlixTests */ = {
			isa = PBXNativeTarget;
			buildConfigurationList = E7F1DA4227B1BCCB0005CB85 /* Build configuration list for PBXNativeTarget "FlixTests" */;
			buildPhases = (
				30FBB4F0B81185370E038A8E /* [CP] Check Pods Manifest.lock */,
				E7F1DA2727B1BCCB0005CB85 /* Sources */,
				E7F1DA2827B1BCCB0005CB85 /* Frameworks */,
				E7F1DA2927B1BCCB0005CB85 /* Resources */,
			);
			buildRules = (
			);
			dependencies = (
				E7F1DA2D27B1BCCB0005CB85 /* PBXTargetDependency */,
			);
			name = FlixTests;
			productName = FlixTests;
			productReference = E7F1DA2B27B1BCCB0005CB85 /* FlixTests.xctest */;
			productType = "com.apple.product-type.bundle.unit-test";
		};
		E7F1DA3427B1BCCB0005CB85 /* FlixUITests */ = {
			isa = PBXNativeTarget;
			buildConfigurationList = E7F1DA4527B1BCCB0005CB85 /* Build configuration list for PBXNativeTarget "FlixUITests" */;
			buildPhases = (
				959A96918BDA36511D76B323 /* [CP] Check Pods Manifest.lock */,
				E7F1DA3127B1BCCB0005CB85 /* Sources */,
				E7F1DA3227B1BCCB0005CB85 /* Frameworks */,
				E7F1DA3327B1BCCB0005CB85 /* Resources */,
				EC905C91BEE1CBBF107C18B6 /* [CP] Embed Pods Frameworks */,
			);
			buildRules = (
			);
			dependencies = (
				E7F1DA3727B1BCCB0005CB85 /* PBXTargetDependency */,
			);
			name = FlixUITests;
			productName = FlixUITests;
			productReference = E7F1DA3527B1BCCB0005CB85 /* FlixUITests.xctest */;
			productType = "com.apple.product-type.bundle.ui-testing";
		};
/* End PBXNativeTarget section */

/* Begin PBXProject section */
		E7F1DA0D27B1BCC90005CB85 /* Project object */ = {
			isa = PBXProject;
			attributes = {
				BuildIndependentTargetsInParallel = 1;
				LastSwiftUpdateCheck = 1320;
				LastUpgradeCheck = 1320;
				TargetAttributes = {
					E7F1DA1427B1BCC90005CB85 = {
						CreatedOnToolsVersion = 13.2.1;
					};
					E7F1DA2A27B1BCCB0005CB85 = {
						CreatedOnToolsVersion = 13.2.1;
						TestTargetID = E7F1DA1427B1BCC90005CB85;
					};
					E7F1DA3427B1BCCB0005CB85 = {
						CreatedOnToolsVersion = 13.2.1;
						TestTargetID = E7F1DA1427B1BCC90005CB85;
					};
				};
			};
			buildConfigurationList = E7F1DA1027B1BCC90005CB85 /* Build configuration list for PBXProject "Flix" */;
			compatibilityVersion = "Xcode 13.0";
			developmentRegion = en;
			hasScannedForEncodings = 0;
			knownRegions = (
				en,
				Base,
			);
			mainGroup = E7F1DA0C27B1BCC90005CB85;
			packageReferences = (
				E7D0668A27B34651006FBD55 /* XCRemoteSwiftPackageReference "AlamofireImage" */,
			);
			productRefGroup = E7F1DA1627B1BCC90005CB85 /* Products */;
			projectDirPath = "";
			projectRoot = "";
			targets = (
				E7F1DA1427B1BCC90005CB85 /* Flix */,
				E7F1DA2A27B1BCCB0005CB85 /* FlixTests */,
				E7F1DA3427B1BCCB0005CB85 /* FlixUITests */,
			);
		};
/* End PBXProject section */

/* Begin PBXResourcesBuildPhase section */
		E7F1DA1327B1BCC90005CB85 /* Resources */ = {
			isa = PBXResourcesBuildPhase;
			buildActionMask = 2147483647;
			files = (
				E7F1DA2527B1BCCA0005CB85 /* LaunchScreen.storyboard in Resources */,
				E7F1DA2227B1BCCA0005CB85 /* Assets.xcassets in Resources */,
				E7F1DA2027B1BCC90005CB85 /* Main.storyboard in Resources */,
			);
			runOnlyForDeploymentPostprocessing = 0;
		};
		E7F1DA2927B1BCCB0005CB85 /* Resources */ = {
			isa = PBXResourcesBuildPhase;
			buildActionMask = 2147483647;
			files = (
			);
			runOnlyForDeploymentPostprocessing = 0;
		};
		E7F1DA3327B1BCCB0005CB85 /* Resources */ = {
			isa = PBXResourcesBuildPhase;
			buildActionMask = 2147483647;
			files = (
			);
			runOnlyForDeploymentPostprocessing = 0;
		};
/* End PBXResourcesBuildPhase section */

/* Begin PBXShellScriptBuildPhase section */
		30FBB4F0B81185370E038A8E /* [CP] Check Pods Manifest.lock */ = {
			isa = PBXShellScriptBuildPhase;
			buildActionMask = 2147483647;
			files = (
			);
			inputFileListPaths = (
			);
			inputPaths = (
				"${PODS_PODFILE_DIR_PATH}/Podfile.lock",
				"${PODS_ROOT}/Manifest.lock",
			);
			name = "[CP] Check Pods Manifest.lock";
			outputFileListPaths = (
			);
			outputPaths = (
				"$(DERIVED_FILE_DIR)/Pods-FlixTests-checkManifestLockResult.txt",
			);
			runOnlyForDeploymentPostprocessing = 0;
			shellPath = /bin/sh;
			shellScript = "diff \"${PODS_PODFILE_DIR_PATH}/Podfile.lock\" \"${PODS_ROOT}/Manifest.lock\" > /dev/null\nif [ $? != 0 ] ; then\n    # print error to STDERR\n    echo \"error: The sandbox is not in sync with the Podfile.lock. Run 'pod install' or update your CocoaPods installation.\" >&2\n    exit 1\nfi\n# This output is used by Xcode 'outputs' to avoid re-running this script phase.\necho \"SUCCESS\" > \"${SCRIPT_OUTPUT_FILE_0}\"\n";
			showEnvVarsInLog = 0;
		};
		45566346C3DFE3375534D702 /* [CP] Check Pods Manifest.lock */ = {
			isa = PBXShellScriptBuildPhase;
			buildActionMask = 2147483647;
			files = (
			);
			inputFileListPaths = (
			);
			inputPaths = (
				"${PODS_PODFILE_DIR_PATH}/Podfile.lock",
				"${PODS_ROOT}/Manifest.lock",
			);
			name = "[CP] Check Pods Manifest.lock";
			outputFileListPaths = (
			);
			outputPaths = (
				"$(DERIVED_FILE_DIR)/Pods-Flix-checkManifestLockResult.txt",
			);
			runOnlyForDeploymentPostprocessing = 0;
			shellPath = /bin/sh;
			shellScript = "diff \"${PODS_PODFILE_DIR_PATH}/Podfile.lock\" \"${PODS_ROOT}/Manifest.lock\" > /dev/null\nif [ $? != 0 ] ; then\n    # print error to STDERR\n    echo \"error: The sandbox is not in sync with the Podfile.lock. Run 'pod install' or update your CocoaPods installation.\" >&2\n    exit 1\nfi\n# This output is used by Xcode 'outputs' to avoid re-running this script phase.\necho \"SUCCESS\" > \"${SCRIPT_OUTPUT_FILE_0}\"\n";
			showEnvVarsInLog = 0;
		};
		959A96918BDA36511D76B323 /* [CP] Check Pods Manifest.lock */ = {
			isa = PBXShellScriptBuildPhase;
			buildActionMask = 2147483647;
			files = (
			);
			inputFileListPaths = (
			);
			inputPaths = (
				"${PODS_PODFILE_DIR_PATH}/Podfile.lock",
				"${PODS_ROOT}/Manifest.lock",
			);
			name = "[CP] Check Pods Manifest.lock";
			outputFileListPaths = (
			);
			outputPaths = (
				"$(DERIVED_FILE_DIR)/Pods-Flix-FlixUITests-checkManifestLockResult.txt",
			);
			runOnlyForDeploymentPostprocessing = 0;
			shellPath = /bin/sh;
			shellScript = "diff \"${PODS_PODFILE_DIR_PATH}/Podfile.lock\" \"${PODS_ROOT}/Manifest.lock\" > /dev/null\nif [ $? != 0 ] ; then\n    # print error to STDERR\n    echo \"error: The sandbox is not in sync with the Podfile.lock. Run 'pod install' or update your CocoaPods installation.\" >&2\n    exit 1\nfi\n# This output is used by Xcode 'outputs' to avoid re-running this script phase.\necho \"SUCCESS\" > \"${SCRIPT_OUTPUT_FILE_0}\"\n";
			showEnvVarsInLog = 0;
		};
		97EA68A0A226AC8D2307AAB8 /* [CP] Embed Pods Frameworks */ = {
			isa = PBXShellScriptBuildPhase;
			buildActionMask = 2147483647;
			files = (
			);
			inputFileListPaths = (
				"${PODS_ROOT}/Target Support Files/Pods-Flix/Pods-Flix-frameworks-${CONFIGURATION}-input-files.xcfilelist",
			);
			name = "[CP] Embed Pods Frameworks";
			outputFileListPaths = (
				"${PODS_ROOT}/Target Support Files/Pods-Flix/Pods-Flix-frameworks-${CONFIGURATION}-output-files.xcfilelist",
			);
			runOnlyForDeploymentPostprocessing = 0;
			shellPath = /bin/sh;
			shellScript = "\"${PODS_ROOT}/Target Support Files/Pods-Flix/Pods-Flix-frameworks.sh\"\n";
			showEnvVarsInLog = 0;
		};
		EC905C91BEE1CBBF107C18B6 /* [CP] Embed Pods Frameworks */ = {
			isa = PBXShellScriptBuildPhase;
			buildActionMask = 2147483647;
			files = (
			);
			inputFileListPaths = (
				"${PODS_ROOT}/Target Support Files/Pods-Flix-FlixUITests/Pods-Flix-FlixUITests-frameworks-${CONFIGURATION}-input-files.xcfilelist",
			);
			name = "[CP] Embed Pods Frameworks";
			outputFileListPaths = (
				"${PODS_ROOT}/Target Support Files/Pods-Flix-FlixUITests/Pods-Flix-FlixUITests-frameworks-${CONFIGURATION}-output-files.xcfilelist",
			);
			runOnlyForDeploymentPostprocessing = 0;
			shellPath = /bin/sh;
			shellScript = "\"${PODS_ROOT}/Target Support Files/Pods-Flix-FlixUITests/Pods-Flix-FlixUITests-frameworks.sh\"\n";
			showEnvVarsInLog = 0;
		};
/* End PBXShellScriptBuildPhase section */

/* Begin PBXSourcesBuildPhase section */
		E7F1DA1127B1BCC90005CB85 /* Sources */ = {
			isa = PBXSourcesBuildPhase;
			buildActionMask = 2147483647;
			files = (
				E7CA161827B6035900DB4F19 /* MovieDetailsViewController.swift in Sources */,
				E7F1DA1D27B1BCC90005CB85 /* MoviesViewController.swift in Sources */,
				E7F1DA1927B1BCC90005CB85 /* AppDelegate.swift in Sources */,
				E7D0668927B33D07006FBD55 /* MovieCell.swift in Sources */,
				E7F1DA1B27B1BCC90005CB85 /* SceneDelegate.swift in Sources */,
				E7A2E31E27B9965B002177FF /* MovieGridViewController.swift in Sources */,
				E7A2E32027B99AB8002177FF /* MovieGridCell.swift in Sources */,
			);
			runOnlyForDeploymentPostprocessing = 0;
		};
		E7F1DA2727B1BCCB0005CB85 /* Sources */ = {
			isa = PBXSourcesBuildPhase;
			buildActionMask = 2147483647;
			files = (
				E7F1DA3027B1BCCB0005CB85 /* FlixTests.swift in Sources */,
			);
			runOnlyForDeploymentPostprocessing = 0;
		};
		E7F1DA3127B1BCCB0005CB85 /* Sources */ = {
			isa = PBXSourcesBuildPhase;
			buildActionMask = 2147483647;
			files = (
				E7F1DA3A27B1BCCB0005CB85 /* FlixUITests.swift in Sources */,
				E7F1DA3C27B1BCCB0005CB85 /* FlixUITestsLaunchTests.swift in Sources */,
			);
			runOnlyForDeploymentPostprocessing = 0;
		};
/* End PBXSourcesBuildPhase section */

/* Begin PBXTargetDependency section */
		E7F1DA2D27B1BCCB0005CB85 /* PBXTargetDependency */ = {
			isa = PBXTargetDependency;
			target = E7F1DA1427B1BCC90005CB85 /* Flix */;
			targetProxy = E7F1DA2C27B1BCCB0005CB85 /* PBXContainerItemProxy */;
		};
		E7F1DA3727B1BCCB0005CB85 /* PBXTargetDependency */ = {
			isa = PBXTargetDependency;
			target = E7F1DA1427B1BCC90005CB85 /* Flix */;
			targetProxy = E7F1DA3627B1BCCB0005CB85 /* PBXContainerItemProxy */;
		};
/* End PBXTargetDependency section */

/* Begin PBXVariantGroup section */
		E7F1DA1E27B1BCC90005CB85 /* Main.storyboard */ = {
			isa = PBXVariantGroup;
			children = (
				E7F1DA1F27B1BCC90005CB85 /* Base */,
			);
			name = Main.storyboard;
			sourceTree = "<group>";
		};
		E7F1DA2327B1BCCA0005CB85 /* LaunchScreen.storyboard */ = {
			isa = PBXVariantGroup;
			children = (
				E7F1DA2427B1BCCA0005CB85 /* Base */,
			);
			name = LaunchScreen.storyboard;
			sourceTree = "<group>";
		};
/* End PBXVariantGroup section */

/* Begin XCBuildConfiguration section */
		E7F1DA3D27B1BCCB0005CB85 /* Debug */ = {
			isa = XCBuildConfiguration;
			buildSettings = {
				ALWAYS_SEARCH_USER_PATHS = NO;
				CLANG_ANALYZER_NONNULL = YES;
				CLANG_ANALYZER_NUMBER_OBJECT_CONVERSION = YES_AGGRESSIVE;
				CLANG_CXX_LANGUAGE_STANDARD = "gnu++17";
				CLANG_CXX_LIBRARY = "libc++";
				CLANG_ENABLE_MODULES = YES;
				CLANG_ENABLE_OBJC_ARC = YES;
				CLANG_ENABLE_OBJC_WEAK = YES;
				CLANG_WARN_BLOCK_CAPTURE_AUTORELEASING = YES;
				CLANG_WARN_BOOL_CONVERSION = YES;
				CLANG_WARN_COMMA = YES;
				CLANG_WARN_CONSTANT_CONVERSION = YES;
				CLANG_WARN_DEPRECATED_OBJC_IMPLEMENTATIONS = YES;
				CLANG_WARN_DIRECT_OBJC_ISA_USAGE = YES_ERROR;
				CLANG_WARN_DOCUMENTATION_COMMENTS = YES;
				CLANG_WARN_EMPTY_BODY = YES;
				CLANG_WARN_ENUM_CONVERSION = YES;
				CLANG_WARN_INFINITE_RECURSION = YES;
				CLANG_WARN_INT_CONVERSION = YES;
				CLANG_WARN_NON_LITERAL_NULL_CONVERSION = YES;
				CLANG_WARN_OBJC_IMPLICIT_RETAIN_SELF = YES;
				CLANG_WARN_OBJC_LITERAL_CONVERSION = YES;
				CLANG_WARN_OBJC_ROOT_CLASS = YES_ERROR;
				CLANG_WARN_QUOTED_INCLUDE_IN_FRAMEWORK_HEADER = YES;
				CLANG_WARN_RANGE_LOOP_ANALYSIS = YES;
				CLANG_WARN_STRICT_PROTOTYPES = YES;
				CLANG_WARN_SUSPICIOUS_MOVE = YES;
				CLANG_WARN_UNGUARDED_AVAILABILITY = YES_AGGRESSIVE;
				CLANG_WARN_UNREACHABLE_CODE = YES;
				CLANG_WARN__DUPLICATE_METHOD_MATCH = YES;
				COPY_PHASE_STRIP = NO;
				DEBUG_INFORMATION_FORMAT = dwarf;
				ENABLE_STRICT_OBJC_MSGSEND = YES;
				ENABLE_TESTABILITY = YES;
				GCC_C_LANGUAGE_STANDARD = gnu11;
				GCC_DYNAMIC_NO_PIC = NO;
				GCC_NO_COMMON_BLOCKS = YES;
				GCC_OPTIMIZATION_LEVEL = 0;
				GCC_PREPROCESSOR_DEFINITIONS = (
					"DEBUG=1",
					"$(inherited)",
				);
				GCC_WARN_64_TO_32_BIT_CONVERSION = YES;
				GCC_WARN_ABOUT_RETURN_TYPE = YES_ERROR;
				GCC_WARN_UNDECLARED_SELECTOR = YES;
				GCC_WARN_UNINITIALIZED_AUTOS = YES_AGGRESSIVE;
				GCC_WARN_UNUSED_FUNCTION = YES;
				GCC_WARN_UNUSED_VARIABLE = YES;
				IPHONEOS_DEPLOYMENT_TARGET = 15.2;
				MTL_ENABLE_DEBUG_INFO = INCLUDE_SOURCE;
				MTL_FAST_MATH = YES;
				ONLY_ACTIVE_ARCH = YES;
				SDKROOT = iphoneos;
				SWIFT_ACTIVE_COMPILATION_CONDITIONS = DEBUG;
				SWIFT_OPTIMIZATION_LEVEL = "-Onone";
			};
			name = Debug;
		};
		E7F1DA3E27B1BCCB0005CB85 /* Release */ = {
			isa = XCBuildConfiguration;
			buildSettings = {
				ALWAYS_SEARCH_USER_PATHS = NO;
				CLANG_ANALYZER_NONNULL = YES;
				CLANG_ANALYZER_NUMBER_OBJECT_CONVERSION = YES_AGGRESSIVE;
				CLANG_CXX_LANGUAGE_STANDARD = "gnu++17";
				CLANG_CXX_LIBRARY = "libc++";
				CLANG_ENABLE_MODULES = YES;
				CLANG_ENABLE_OBJC_ARC = YES;
				CLANG_ENABLE_OBJC_WEAK = YES;
				CLANG_WARN_BLOCK_CAPTURE_AUTORELEASING = YES;
				CLANG_WARN_BOOL_CONVERSION = YES;
				CLANG_WARN_COMMA = YES;
				CLANG_WARN_CONSTANT_CONVERSION = YES;
				CLANG_WARN_DEPRECATED_OBJC_IMPLEMENTATIONS = YES;
				CLANG_WARN_DIRECT_OBJC_ISA_USAGE = YES_ERROR;
				CLANG_WARN_DOCUMENTATION_COMMENTS = YES;
				CLANG_WARN_EMPTY_BODY = YES;
				CLANG_WARN_ENUM_CONVERSION = YES;
				CLANG_WARN_INFINITE_RECURSION = YES;
				CLANG_WARN_INT_CONVERSION = YES;
				CLANG_WARN_NON_LITERAL_NULL_CONVERSION = YES;
				CLANG_WARN_OBJC_IMPLICIT_RETAIN_SELF = YES;
				CLANG_WARN_OBJC_LITERAL_CONVERSION = YES;
				CLANG_WARN_OBJC_ROOT_CLASS = YES_ERROR;
				CLANG_WARN_QUOTED_INCLUDE_IN_FRAMEWORK_HEADER = YES;
				CLANG_WARN_RANGE_LOOP_ANALYSIS = YES;
				CLANG_WARN_STRICT_PROTOTYPES = YES;
				CLANG_WARN_SUSPICIOUS_MOVE = YES;
				CLANG_WARN_UNGUARDED_AVAILABILITY = YES_AGGRESSIVE;
				CLANG_WARN_UNREACHABLE_CODE = YES;
				CLANG_WARN__DUPLICATE_METHOD_MATCH = YES;
				COPY_PHASE_STRIP = NO;
				DEBUG_INFORMATION_FORMAT = "dwarf-with-dsym";
				ENABLE_NS_ASSERTIONS = NO;
				ENABLE_STRICT_OBJC_MSGSEND = YES;
				GCC_C_LANGUAGE_STANDARD = gnu11;
				GCC_NO_COMMON_BLOCKS = YES;
				GCC_WARN_64_TO_32_BIT_CONVERSION = YES;
				GCC_WARN_ABOUT_RETURN_TYPE = YES_ERROR;
				GCC_WARN_UNDECLARED_SELECTOR = YES;
				GCC_WARN_UNINITIALIZED_AUTOS = YES_AGGRESSIVE;
				GCC_WARN_UNUSED_FUNCTION = YES;
				GCC_WARN_UNUSED_VARIABLE = YES;
				IPHONEOS_DEPLOYMENT_TARGET = 15.2;
				MTL_ENABLE_DEBUG_INFO = NO;
				MTL_FAST_MATH = YES;
				SDKROOT = iphoneos;
				SWIFT_COMPILATION_MODE = wholemodule;
				SWIFT_OPTIMIZATION_LEVEL = "-O";
				VALIDATE_PRODUCT = YES;
			};
			name = Release;
		};
		E7F1DA4027B1BCCB0005CB85 /* Debug */ = {
			isa = XCBuildConfiguration;
			baseConfigurationReference = A622C67375A1FA2CDFC2C9FB /* Pods-Flix.debug.xcconfig */;
			buildSettings = {
				ASSETCATALOG_COMPILER_APPICON_NAME = AppIcon;
				ASSETCATALOG_COMPILER_GLOBAL_ACCENT_COLOR_NAME = AccentColor;
				CODE_SIGN_STYLE = Automatic;
				CURRENT_PROJECT_VERSION = 1;
				DEVELOPMENT_TEAM = L36HJ4724Z;
				GENERATE_INFOPLIST_FILE = YES;
				INFOPLIST_FILE = Flix/Info.plist;
				INFOPLIST_KEY_UIApplicationSupportsIndirectInputEvents = YES;
				INFOPLIST_KEY_UILaunchStoryboardName = LaunchScreen;
				INFOPLIST_KEY_UIMainStoryboardFile = Main;
				INFOPLIST_KEY_UISupportedInterfaceOrientations = "UIInterfaceOrientationPortrait UIInterfaceOrientationLandscapeLeft UIInterfaceOrientationLandscapeRight UIInterfaceOrientationPortraitUpsideDown";
				INFOPLIST_KEY_UISupportedInterfaceOrientations_iPad = "UIInterfaceOrientationPortrait UIInterfaceOrientationPortraitUpsideDown UIInterfaceOrientationLandscapeLeft UIInterfaceOrientationLandscapeRight";
				INFOPLIST_KEY_UISupportedInterfaceOrientations_iPhone = "UIInterfaceOrientationPortrait UIInterfaceOrientationLandscapeLeft UIInterfaceOrientationLandscapeRight";
				LD_RUNPATH_SEARCH_PATHS = (
					"$(inherited)",
					"@executable_path/Frameworks",
				);
				MARKETING_VERSION = 1.0;
				PRODUCT_BUNDLE_IDENTIFIER = com.DanielBracamontes.Flix;
				PRODUCT_NAME = "$(TARGET_NAME)";
				SWIFT_EMIT_LOC_STRINGS = YES;
				SWIFT_VERSION = 5.0;
				TARGETED_DEVICE_FAMILY = "1,2";
			};
			name = Debug;
		};
		E7F1DA4127B1BCCB0005CB85 /* Release */ = {
			isa = XCBuildConfiguration;
			baseConfigurationReference = 8AA155116393FAD80EBD7A04 /* Pods-Flix.release.xcconfig */;
			buildSettings = {
				ASSETCATALOG_COMPILER_APPICON_NAME = AppIcon;
				ASSETCATALOG_COMPILER_GLOBAL_ACCENT_COLOR_NAME = AccentColor;
				CODE_SIGN_STYLE = Automatic;
				CURRENT_PROJECT_VERSION = 1;
				DEVELOPMENT_TEAM = L36HJ4724Z;
				GENERATE_INFOPLIST_FILE = YES;
				INFOPLIST_FILE = Flix/Info.plist;
				INFOPLIST_KEY_UIApplicationSupportsIndirectInputEvents = YES;
				INFOPLIST_KEY_UILaunchStoryboardName = LaunchScreen;
				INFOPLIST_KEY_UIMainStoryboardFile = Main;
				INFOPLIST_KEY_UISupportedInterfaceOrientations = "UIInterfaceOrientationPortrait UIInterfaceOrientationLandscapeLeft UIInterfaceOrientationLandscapeRight UIInterfaceOrientationPortraitUpsideDown";
				INFOPLIST_KEY_UISupportedInterfaceOrientations_iPad = "UIInterfaceOrientationPortrait UIInterfaceOrientationPortraitUpsideDown UIInterfaceOrientationLandscapeLeft UIInterfaceOrientationLandscapeRight";
				INFOPLIST_KEY_UISupportedInterfaceOrientations_iPhone = "UIInterfaceOrientationPortrait UIInterfaceOrientationLandscapeLeft UIInterfaceOrientationLandscapeRight";
				LD_RUNPATH_SEARCH_PATHS = (
					"$(inherited)",
					"@executable_path/Frameworks",
				);
				MARKETING_VERSION = 1.0;
				PRODUCT_BUNDLE_IDENTIFIER = com.DanielBracamontes.Flix;
				PRODUCT_NAME = "$(TARGET_NAME)";
				SWIFT_EMIT_LOC_STRINGS = YES;
				SWIFT_VERSION = 5.0;
				TARGETED_DEVICE_FAMILY = "1,2";
			};
			name = Release;
		};
		E7F1DA4327B1BCCB0005CB85 /* Debug */ = {
			isa = XCBuildConfiguration;
			baseConfigurationReference = 7DA9A570C9F1D756E70842FA /* Pods-FlixTests.debug.xcconfig */;
			buildSettings = {
				ALWAYS_EMBED_SWIFT_STANDARD_LIBRARIES = YES;
				BUNDLE_LOADER = "$(TEST_HOST)";
				CODE_SIGN_STYLE = Automatic;
				CURRENT_PROJECT_VERSION = 1;
				GENERATE_INFOPLIST_FILE = YES;
				IPHONEOS_DEPLOYMENT_TARGET = 15.2;
				MARKETING_VERSION = 1.0;
				PRODUCT_BUNDLE_IDENTIFIER = com.DanielBracamontes.FlixTests;
				PRODUCT_NAME = "$(TARGET_NAME)";
				SWIFT_EMIT_LOC_STRINGS = NO;
				SWIFT_VERSION = 5.0;
				TARGETED_DEVICE_FAMILY = "1,2";
				TEST_HOST = "$(BUILT_PRODUCTS_DIR)/Flix.app/Flix";
			};
			name = Debug;
		};
		E7F1DA4427B1BCCB0005CB85 /* Release */ = {
			isa = XCBuildConfiguration;
			baseConfigurationReference = EB662F6D1A4C14A91EE1DB66 /* Pods-FlixTests.release.xcconfig */;
			buildSettings = {
				ALWAYS_EMBED_SWIFT_STANDARD_LIBRARIES = YES;
				BUNDLE_LOADER = "$(TEST_HOST)";
				CODE_SIGN_STYLE = Automatic;
				CURRENT_PROJECT_VERSION = 1;
				GENERATE_INFOPLIST_FILE = YES;
				IPHONEOS_DEPLOYMENT_TARGET = 15.2;
				MARKETING_VERSION = 1.0;
				PRODUCT_BUNDLE_IDENTIFIER = com.DanielBracamontes.FlixTests;
				PRODUCT_NAME = "$(TARGET_NAME)";
				SWIFT_EMIT_LOC_STRINGS = NO;
				SWIFT_VERSION = 5.0;
				TARGETED_DEVICE_FAMILY = "1,2";
				TEST_HOST = "$(BUILT_PRODUCTS_DIR)/Flix.app/Flix";
			};
			name = Release;
		};
		E7F1DA4627B1BCCB0005CB85 /* Debug */ = {
			isa = XCBuildConfiguration;
			baseConfigurationReference = 6ED04A5B93677E5FAB892998 /* Pods-Flix-FlixUITests.debug.xcconfig */;
			buildSettings = {
				ALWAYS_EMBED_SWIFT_STANDARD_LIBRARIES = YES;
				CODE_SIGN_STYLE = Automatic;
				CURRENT_PROJECT_VERSION = 1;
				GENERATE_INFOPLIST_FILE = YES;
				MARKETING_VERSION = 1.0;
				PRODUCT_BUNDLE_IDENTIFIER = com.DanielBracamontes.FlixUITests;
				PRODUCT_NAME = "$(TARGET_NAME)";
				SWIFT_EMIT_LOC_STRINGS = NO;
				SWIFT_VERSION = 5.0;
				TARGETED_DEVICE_FAMILY = "1,2";
				TEST_TARGET_NAME = Flix;
			};
			name = Debug;
		};
		E7F1DA4727B1BCCB0005CB85 /* Release */ = {
			isa = XCBuildConfiguration;
			baseConfigurationReference = 5F151C0E9CD88D5E6B15F021 /* Pods-Flix-FlixUITests.release.xcconfig */;
			buildSettings = {
				ALWAYS_EMBED_SWIFT_STANDARD_LIBRARIES = YES;
				CODE_SIGN_STYLE = Automatic;
				CURRENT_PROJECT_VERSION = 1;
				GENERATE_INFOPLIST_FILE = YES;
				MARKETING_VERSION = 1.0;
				PRODUCT_BUNDLE_IDENTIFIER = com.DanielBracamontes.FlixUITests;
				PRODUCT_NAME = "$(TARGET_NAME)";
				SWIFT_EMIT_LOC_STRINGS = NO;
				SWIFT_VERSION = 5.0;
				TARGETED_DEVICE_FAMILY = "1,2";
				TEST_TARGET_NAME = Flix;
			};
			name = Release;
		};
/* End XCBuildConfiguration section */

/* Begin XCConfigurationList section */
		E7F1DA1027B1BCC90005CB85 /* Build configuration list for PBXProject "Flix" */ = {
			isa = XCConfigurationList;
			buildConfigurations = (
				E7F1DA3D27B1BCCB0005CB85 /* Debug */,
				E7F1DA3E27B1BCCB0005CB85 /* Release */,
			);
			defaultConfigurationIsVisible = 0;
			defaultConfigurationName = Release;
		};
		E7F1DA3F27B1BCCB0005CB85 /* Build configuration list for PBXNativeTarget "Flix" */ = {
			isa = XCConfigurationList;
			buildConfigurations = (
				E7F1DA4027B1BCCB0005CB85 /* Debug */,
				E7F1DA4127B1BCCB0005CB85 /* Release */,
			);
			defaultConfigurationIsVisible = 0;
			defaultConfigurationName = Release;
		};
		E7F1DA4227B1BCCB0005CB85 /* Build configuration list for PBXNativeTarget "FlixTests" */ = {
			isa = XCConfigurationList;
			buildConfigurations = (
				E7F1DA4327B1BCCB0005CB85 /* Debug */,
				E7F1DA4427B1BCCB0005CB85 /* Release */,
			);
			defaultConfigurationIsVisible = 0;
			defaultConfigurationName = Release;
		};
		E7F1DA4527B1BCCB0005CB85 /* Build configuration list for PBXNativeTarget "FlixUITests" */ = {
			isa = XCConfigurationList;
			buildConfigurations = (
				E7F1DA4627B1BCCB0005CB85 /* Debug */,
				E7F1DA4727B1BCCB0005CB85 /* Release */,
			);
			defaultConfigurationIsVisible = 0;
			defaultConfigurationName = Release;
		};
/* End XCConfigurationList section */

/* Begin XCRemoteSwiftPackageReference section */
		E7D0668A27B34651006FBD55 /* XCRemoteSwiftPackageReference "AlamofireImage" */ = {
			isa = XCRemoteSwiftPackageReference;
			repositoryURL = "https://github.com/Alamofire/AlamofireImage";
			requirement = {
				kind = upToNextMajorVersion;
				minimumVersion = 4.0.0;
			};
		};
/* End XCRemoteSwiftPackageReference section */

/* Begin XCSwiftPackageProductDependency section */
		E7D0668B27B34651006FBD55 /* AlamofireImage */ = {
			isa = XCSwiftPackageProductDependency;
			package = E7D0668A27B34651006FBD55 /* XCRemoteSwiftPackageReference "AlamofireImage" */;
			productName = AlamofireImage;
		};
/* End XCSwiftPackageProductDependency section */
	};
	rootObject = E7F1DA0D27B1BCC90005CB85 /* Project object */;
}
